// !$*UTF8*$!
{
	archiveVersion = 1;
	classes = {
	};
	objectVersion = 51;
	objects = {

/* Begin PBXBuildFile section */
		0BC2B0C8226F81E60025E0FB /* main.cpp in Sources */ = {isa = PBXBuildFile; fileRef = 0BC2B0C7226F81E60025E0FB /* main.cpp */; };
		0BC2B0D4226F82270025E0FB /* libsfml-graphics.2.5.1.dylib in Frameworks */ = {isa = PBXBuildFile; fileRef = 0BC2B0CF226F82270025E0FB /* libsfml-graphics.2.5.1.dylib */; };
		0BC2B0D5226F82270025E0FB /* libsfml-network.2.5.1.dylib in Frameworks */ = {isa = PBXBuildFile; fileRef = 0BC2B0D0226F82270025E0FB /* libsfml-network.2.5.1.dylib */; };
		0BC2B0D6226F82270025E0FB /* libsfml-audio.2.5.1.dylib in Frameworks */ = {isa = PBXBuildFile; fileRef = 0BC2B0D1226F82270025E0FB /* libsfml-audio.2.5.1.dylib */; };
		0BC2B0D7226F82270025E0FB /* libsfml-system.2.5.1.dylib in Frameworks */ = {isa = PBXBuildFile; fileRef = 0BC2B0D2226F82270025E0FB /* libsfml-system.2.5.1.dylib */; };
		0BC2B0D8226F82270025E0FB /* libsfml-window.2.5.1.dylib in Frameworks */ = {isa = PBXBuildFile; fileRef = 0BC2B0D3226F82270025E0FB /* libsfml-window.2.5.1.dylib */; };
		0BC2B110226F84E80025E0FB /* ArmySurplusSpecial.cpp in Sources */ = {isa = PBXBuildFile; fileRef = 0BC2B0F9226F84E60025E0FB /* ArmySurplusSpecial.cpp */; };
		0BC2B111226F84E80025E0FB /* ArkansasChugabug.cpp in Sources */ = {isa = PBXBuildFile; fileRef = 0BC2B0FA226F84E60025E0FB /* ArkansasChugabug.cpp */; };
		0BC2B112226F84E80025E0FB /* Haybailer.cpp in Sources */ = {isa = PBXBuildFile; fileRef = 0BC2B0FB226F84E70025E0FB /* Haybailer.cpp */; };
		0BC2B113226F84E80025E0FB /* Buzzwagon.cpp in Sources */ = {isa = PBXBuildFile; fileRef = 0BC2B0FC226F84E70025E0FB /* Buzzwagon.cpp */; };
		0BC2B114226F84E80025E0FB /* CompactPussycat.cpp in Sources */ = {isa = PBXBuildFile; fileRef = 0BC2B101226F84E70025E0FB /* CompactPussycat.cpp */; };
		0BC2B115226F84E80025E0FB /* Character.cpp in Sources */ = {isa = PBXBuildFile; fileRef = 0BC2B102226F84E70025E0FB /* Character.cpp */; };
		0BC2B116226F84E80025E0FB /* Convert_a_Car.cpp in Sources */ = {isa = PBXBuildFile; fileRef = 0BC2B104226F84E70025E0FB /* Convert_a_Car.cpp */; };
		0BC2B117226F84E80025E0FB /* MeanMachine.cpp in Sources */ = {isa = PBXBuildFile; fileRef = 0BC2B107226F84E70025E0FB /* MeanMachine.cpp */; };
		0BC2B118226F84E80025E0FB /* TurboTerrific.cpp in Sources */ = {isa = PBXBuildFile; fileRef = 0BC2B109226F84E70025E0FB /* TurboTerrific.cpp */; };
		0BC2B119226F84E80025E0FB /* CreepyCoupe.cpp in Sources */ = {isa = PBXBuildFile; fileRef = 0BC2B10C226F84E80025E0FB /* CreepyCoupe.cpp */; };
		0BC2B11A226F84E80025E0FB /* BoulderMobile.cpp in Sources */ = {isa = PBXBuildFile; fileRef = 0BC2B10D226F84E80025E0FB /* BoulderMobile.cpp */; };
		0BC2B11B226F84E80025E0FB /* BulletproofBomb.cpp in Sources */ = {isa = PBXBuildFile; fileRef = 0BC2B10F226F84E80025E0FB /* BulletproofBomb.cpp */; };
		0BC2B122226F85420025E0FB /* Game.cpp in Sources */ = {isa = PBXBuildFile; fileRef = 0BC2B120226F85420025E0FB /* Game.cpp */; };
/* End PBXBuildFile section */

/* Begin PBXCopyFilesBuildPhase section */
		0BC2B0C2226F81E60025E0FB /* CopyFiles */ = {
			isa = PBXCopyFilesBuildPhase;
			buildActionMask = 2147483647;
			dstPath = /usr/share/man/man1/;
			dstSubfolderSpec = 0;
			files = (
			);
			runOnlyForDeploymentPostprocessing = 1;
		};
/* End PBXCopyFilesBuildPhase section */

/* Begin PBXFileReference section */
		0BC2B0C4226F81E60025E0FB /* Wacky Races v1 MAC */ = {isa = PBXFileReference; explicitFileType = "compiled.mach-o.executable"; includeInIndex = 0; path = "Wacky Races v1 MAC"; sourceTree = BUILT_PRODUCTS_DIR; };
		0BC2B0C7226F81E60025E0FB /* main.cpp */ = {isa = PBXFileReference; lastKnownFileType = sourcecode.cpp.cpp; path = main.cpp; sourceTree = "<group>"; };
		0BC2B0CF226F82270025E0FB /* libsfml-graphics.2.5.1.dylib */ = {isa = PBXFileReference; lastKnownFileType = "compiled.mach-o.dylib"; name = "libsfml-graphics.2.5.1.dylib"; path = "../../../../../../../usr/local/Cellar/sfml/2.5.1/lib/libsfml-graphics.2.5.1.dylib"; sourceTree = "<group>"; };
		0BC2B0D0226F82270025E0FB /* libsfml-network.2.5.1.dylib */ = {isa = PBXFileReference; lastKnownFileType = "compiled.mach-o.dylib"; name = "libsfml-network.2.5.1.dylib"; path = "../../../../../../../usr/local/Cellar/sfml/2.5.1/lib/libsfml-network.2.5.1.dylib"; sourceTree = "<group>"; };
		0BC2B0D1226F82270025E0FB /* libsfml-audio.2.5.1.dylib */ = {isa = PBXFileReference; lastKnownFileType = "compiled.mach-o.dylib"; name = "libsfml-audio.2.5.1.dylib"; path = "../../../../../../../usr/local/Cellar/sfml/2.5.1/lib/libsfml-audio.2.5.1.dylib"; sourceTree = "<group>"; };
		0BC2B0D2226F82270025E0FB /* libsfml-system.2.5.1.dylib */ = {isa = PBXFileReference; lastKnownFileType = "compiled.mach-o.dylib"; name = "libsfml-system.2.5.1.dylib"; path = "../../../../../../../usr/local/Cellar/sfml/2.5.1/lib/libsfml-system.2.5.1.dylib"; sourceTree = "<group>"; };
		0BC2B0D3226F82270025E0FB /* libsfml-window.2.5.1.dylib */ = {isa = PBXFileReference; lastKnownFileType = "compiled.mach-o.dylib"; name = "libsfml-window.2.5.1.dylib"; path = "../../../../../../../usr/local/Cellar/sfml/2.5.1/lib/libsfml-window.2.5.1.dylib"; sourceTree = "<group>"; };
		0BC2B0F8226F84E60025E0FB /* ArkansasChugabug.h */ = {isa = PBXFileReference; fileEncoding = 4; lastKnownFileType = sourcecode.c.h; name = ArkansasChugabug.h; path = Characters/ArkansasChugabug.h; sourceTree = "<group>"; };
		0BC2B0F9226F84E60025E0FB /* ArmySurplusSpecial.cpp */ = {isa = PBXFileReference; fileEncoding = 4; lastKnownFileType = sourcecode.cpp.cpp; name = ArmySurplusSpecial.cpp; path = Characters/ArmySurplusSpecial.cpp; sourceTree = "<group>"; };
		0BC2B0FA226F84E60025E0FB /* ArkansasChugabug.cpp */ = {isa = PBXFileReference; fileEncoding = 4; lastKnownFileType = sourcecode.cpp.cpp; name = ArkansasChugabug.cpp; path = Characters/ArkansasChugabug.cpp; sourceTree = "<group>"; };
		0BC2B0FB226F84E70025E0FB /* Haybailer.cpp */ = {isa = PBXFileReference; fileEncoding = 4; lastKnownFileType = sourcecode.cpp.cpp; name = Haybailer.cpp; path = Characters/Haybailer.cpp; sourceTree = "<group>"; };
		0BC2B0FC226F84E70025E0FB /* Buzzwagon.cpp */ = {isa = PBXFileReference; fileEncoding = 4; lastKnownFileType = sourcecode.cpp.cpp; name = Buzzwagon.cpp; path = Characters/Buzzwagon.cpp; sourceTree = "<group>"; };
		0BC2B0FD226F84E70025E0FB /* Character.h */ = {isa = PBXFileReference; fileEncoding = 4; lastKnownFileType = sourcecode.c.h; name = Character.h; path = Characters/Character.h; sourceTree = "<group>"; };
		0BC2B0FE226F84E70025E0FB /* BulletproofBomb.h */ = {isa = PBXFileReference; fileEncoding = 4; lastKnownFileType = sourcecode.c.h; name = BulletproofBomb.h; path = Characters/BulletproofBomb.h; sourceTree = "<group>"; };
		0BC2B0FF226F84E70025E0FB /* Buzzwagon.h */ = {isa = PBXFileReference; fileEncoding = 4; lastKnownFileType = sourcecode.c.h; name = Buzzwagon.h; path = Characters/Buzzwagon.h; sourceTree = "<group>"; };
		0BC2B100226F84E70025E0FB /* BoulderMobile.h */ = {isa = PBXFileReference; fileEncoding = 4; lastKnownFileType = sourcecode.c.h; name = BoulderMobile.h; path = Characters/BoulderMobile.h; sourceTree = "<group>"; };
		0BC2B101226F84E70025E0FB /* CompactPussycat.cpp */ = {isa = PBXFileReference; fileEncoding = 4; lastKnownFileType = sourcecode.cpp.cpp; name = CompactPussycat.cpp; path = Characters/CompactPussycat.cpp; sourceTree = "<group>"; };
		0BC2B102226F84E70025E0FB /* Character.cpp */ = {isa = PBXFileReference; fileEncoding = 4; lastKnownFileType = sourcecode.cpp.cpp; name = Character.cpp; path = Characters/Character.cpp; sourceTree = "<group>"; };
		0BC2B103226F84E70025E0FB /* ArmySurplusSpecial.h */ = {isa = PBXFileReference; fileEncoding = 4; lastKnownFileType = sourcecode.c.h; name = ArmySurplusSpecial.h; path = Characters/ArmySurplusSpecial.h; sourceTree = "<group>"; };
		0BC2B104226F84E70025E0FB /* Convert_a_Car.cpp */ = {isa = PBXFileReference; fileEncoding = 4; lastKnownFileType = sourcecode.cpp.cpp; name = Convert_a_Car.cpp; path = Characters/Convert_a_Car.cpp; sourceTree = "<group>"; };
		0BC2B105226F84E70025E0FB /* Convert_a_Car.h */ = {isa = PBXFileReference; fileEncoding = 4; lastKnownFileType = sourcecode.c.h; name = Convert_a_Car.h; path = Characters/Convert_a_Car.h; sourceTree = "<group>"; };
		0BC2B106226F84E70025E0FB /* CreepyCoupe.h */ = {isa = PBXFileReference; fileEncoding = 4; lastKnownFileType = sourcecode.c.h; name = CreepyCoupe.h; path = Characters/CreepyCoupe.h; sourceTree = "<group>"; };
		0BC2B107226F84E70025E0FB /* MeanMachine.cpp */ = {isa = PBXFileReference; fileEncoding = 4; lastKnownFileType = sourcecode.cpp.cpp; name = MeanMachine.cpp; path = Characters/MeanMachine.cpp; sourceTree = "<group>"; };
		0BC2B108226F84E70025E0FB /* MeanMachine.h */ = {isa = PBXFileReference; fileEncoding = 4; lastKnownFileType = sourcecode.c.h; name = MeanMachine.h; path = Characters/MeanMachine.h; sourceTree = "<group>"; };
		0BC2B109226F84E70025E0FB /* TurboTerrific.cpp */ = {isa = PBXFileReference; fileEncoding = 4; lastKnownFileType = sourcecode.cpp.cpp; name = TurboTerrific.cpp; path = Characters/TurboTerrific.cpp; sourceTree = "<group>"; };
		0BC2B10A226F84E80025E0FB /* CompactPussycat.h */ = {isa = PBXFileReference; fileEncoding = 4; lastKnownFileType = sourcecode.c.h; name = CompactPussycat.h; path = Characters/CompactPussycat.h; sourceTree = "<group>"; };
		0BC2B10B226F84E80025E0FB /* TurboTerrific.h */ = {isa = PBXFileReference; fileEncoding = 4; lastKnownFileType = sourcecode.c.h; name = TurboTerrific.h; path = Characters/TurboTerrific.h; sourceTree = "<group>"; };
		0BC2B10C226F84E80025E0FB /* CreepyCoupe.cpp */ = {isa = PBXFileReference; fileEncoding = 4; lastKnownFileType = sourcecode.cpp.cpp; name = CreepyCoupe.cpp; path = Characters/CreepyCoupe.cpp; sourceTree = "<group>"; };
		0BC2B10D226F84E80025E0FB /* BoulderMobile.cpp */ = {isa = PBXFileReference; fileEncoding = 4; lastKnownFileType = sourcecode.cpp.cpp; name = BoulderMobile.cpp; path = Characters/BoulderMobile.cpp; sourceTree = "<group>"; };
		0BC2B10E226F84E80025E0FB /* Haybailer.h */ = {isa = PBXFileReference; fileEncoding = 4; lastKnownFileType = sourcecode.c.h; name = Haybailer.h; path = Characters/Haybailer.h; sourceTree = "<group>"; };
		0BC2B10F226F84E80025E0FB /* BulletproofBomb.cpp */ = {isa = PBXFileReference; fileEncoding = 4; lastKnownFileType = sourcecode.cpp.cpp; name = BulletproofBomb.cpp; path = Characters/BulletproofBomb.cpp; sourceTree = "<group>"; };
		0BC2B120226F85420025E0FB /* Game.cpp */ = {isa = PBXFileReference; fileEncoding = 4; lastKnownFileType = sourcecode.cpp.cpp; name = Game.cpp; path = Game/Game.cpp; sourceTree = "<group>"; };
		0BC2B121226F85420025E0FB /* Game.h */ = {isa = PBXFileReference; fileEncoding = 4; lastKnownFileType = sourcecode.c.h; name = Game.h; path = Game/Game.h; sourceTree = "<group>"; };
/* End PBXFileReference section */

/* Begin PBXFrameworksBuildPhase section */
		0BC2B0C1226F81E60025E0FB /* Frameworks */ = {
			isa = PBXFrameworksBuildPhase;
			buildActionMask = 2147483647;
			files = (
				0BC2B0D4226F82270025E0FB /* libsfml-graphics.2.5.1.dylib in Frameworks */,
				0BC2B0D5226F82270025E0FB /* libsfml-network.2.5.1.dylib in Frameworks */,
				0BC2B0D6226F82270025E0FB /* libsfml-audio.2.5.1.dylib in Frameworks */,
				0BC2B0D7226F82270025E0FB /* libsfml-system.2.5.1.dylib in Frameworks */,
				0BC2B0D8226F82270025E0FB /* libsfml-window.2.5.1.dylib in Frameworks */,
			);
			runOnlyForDeploymentPostprocessing = 0;
		};
/* End PBXFrameworksBuildPhase section */

/* Begin PBXGroup section */
		0BC2B0BB226F81E60025E0FB = {
			isa = PBXGroup;
			children = (
				0BC2B0C6226F81E60025E0FB /* Wacky Races v1 MAC */,
				0BC2B0C5226F81E60025E0FB /* Products */,
				0BC2B0CE226F82270025E0FB /* Frameworks */,
			);
			sourceTree = "<group>";
		};
		0BC2B0C5226F81E60025E0FB /* Products */ = {
			isa = PBXGroup;
			children = (
				0BC2B0C4226F81E60025E0FB /* Wacky Races v1 MAC */,
			);
			name = Products;
			sourceTree = "<group>";
		};
		0BC2B0C6226F81E60025E0FB /* Wacky Races v1 MAC */ = {
			isa = PBXGroup;
			children = (
				0BC2B120226F85420025E0FB /* Game.cpp */,
				0BC2B121226F85420025E0FB /* Game.h */,
				0BC2B0C7226F81E60025E0FB /* main.cpp */,
				0BC2B0FA226F84E60025E0FB /* ArkansasChugabug.cpp */,
				0BC2B0F8226F84E60025E0FB /* ArkansasChugabug.h */,
				0BC2B0F9226F84E60025E0FB /* ArmySurplusSpecial.cpp */,
				0BC2B103226F84E70025E0FB /* ArmySurplusSpecial.h */,
				0BC2B10D226F84E80025E0FB /* BoulderMobile.cpp */,
				0BC2B100226F84E70025E0FB /* BoulderMobile.h */,
				0BC2B10F226F84E80025E0FB /* BulletproofBomb.cpp */,
				0BC2B0FE226F84E70025E0FB /* BulletproofBomb.h */,
				0BC2B0FC226F84E70025E0FB /* Buzzwagon.cpp */,
				0BC2B0FF226F84E70025E0FB /* Buzzwagon.h */,
				0BC2B102226F84E70025E0FB /* Character.cpp */,
				0BC2B0FD226F84E70025E0FB /* Character.h */,
				0BC2B101226F84E70025E0FB /* CompactPussycat.cpp */,
				0BC2B10A226F84E80025E0FB /* CompactPussycat.h */,
				0BC2B104226F84E70025E0FB /* Convert_a_Car.cpp */,
				0BC2B105226F84E70025E0FB /* Convert_a_Car.h */,
				0BC2B10C226F84E80025E0FB /* CreepyCoupe.cpp */,
				0BC2B106226F84E70025E0FB /* CreepyCoupe.h */,
				0BC2B0FB226F84E70025E0FB /* Haybailer.cpp */,
				0BC2B10E226F84E80025E0FB /* Haybailer.h */,
				0BC2B107226F84E70025E0FB /* MeanMachine.cpp */,
				0BC2B108226F84E70025E0FB /* MeanMachine.h */,
				0BC2B109226F84E70025E0FB /* TurboTerrific.cpp */,
				0BC2B10B226F84E80025E0FB /* TurboTerrific.h */,
			);
			path = "Wacky Races v1 MAC";
			sourceTree = "<group>";
		};
		0BC2B0CE226F82270025E0FB /* Frameworks */ = {
			isa = PBXGroup;
			children = (
				0BC2B0D1226F82270025E0FB /* libsfml-audio.2.5.1.dylib */,
				0BC2B0CF226F82270025E0FB /* libsfml-graphics.2.5.1.dylib */,
				0BC2B0D0226F82270025E0FB /* libsfml-network.2.5.1.dylib */,
				0BC2B0D2226F82270025E0FB /* libsfml-system.2.5.1.dylib */,
				0BC2B0D3226F82270025E0FB /* libsfml-window.2.5.1.dylib */,
			);
			name = Frameworks;
			sourceTree = "<group>";
		};
/* End PBXGroup section */

/* Begin PBXNativeTarget section */
		0BC2B0C3226F81E60025E0FB /* Wacky Races v1 MAC */ = {
			isa = PBXNativeTarget;
			buildConfigurationList = 0BC2B0CB226F81E60025E0FB /* Build configuration list for PBXNativeTarget "Wacky Races v1 MAC" */;
			buildPhases = (
				0BC2B0C0226F81E60025E0FB /* Sources */,
				0BC2B0C1226F81E60025E0FB /* Frameworks */,
				0BC2B0C2226F81E60025E0FB /* CopyFiles */,
			);
			buildRules = (
			);
			dependencies = (
			);
			name = "Wacky Races v1 MAC";
			productName = "Wacky Races v1 MAC";
			productReference = 0BC2B0C4226F81E60025E0FB /* Wacky Races v1 MAC */;
			productType = "com.apple.product-type.tool";
		};
/* End PBXNativeTarget section */

/* Begin PBXProject section */
		0BC2B0BC226F81E60025E0FB /* Project object */ = {
			isa = PBXProject;
			attributes = {
				LastUpgradeCheck = 1020;
				ORGANIZATIONNAME = "Daniel Harvey";
				TargetAttributes = {
					0BC2B0C3226F81E60025E0FB = {
						CreatedOnToolsVersion = 10.2.1;
					};
				};
			};
			buildConfigurationList = 0BC2B0BF226F81E60025E0FB /* Build configuration list for PBXProject "Wacky Races v1 MAC" */;
			compatibilityVersion = "Xcode 10.0";
			developmentRegion = en;
			hasScannedForEncodings = 0;
			knownRegions = (
				en,
			);
			mainGroup = 0BC2B0BB226F81E60025E0FB;
			productRefGroup = 0BC2B0C5226F81E60025E0FB /* Products */;
			projectDirPath = "";
			projectRoot = "";
			targets = (
				0BC2B0C3226F81E60025E0FB /* Wacky Races v1 MAC */,
			);
		};
/* End PBXProject section */

/* Begin PBXSourcesBuildPhase section */
		0BC2B0C0226F81E60025E0FB /* Sources */ = {
			isa = PBXSourcesBuildPhase;
			buildActionMask = 2147483647;
			files = (
				0BC2B116226F84E80025E0FB /* Convert_a_Car.cpp in Sources */,
				0BC2B0C8226F81E60025E0FB /* main.cpp in Sources */,
				0BC2B119226F84E80025E0FB /* CreepyCoupe.cpp in Sources */,
				0BC2B11B226F84E80025E0FB /* BulletproofBomb.cpp in Sources */,
				0BC2B110226F84E80025E0FB /* ArmySurplusSpecial.cpp in Sources */,
				0BC2B115226F84E80025E0FB /* Character.cpp in Sources */,
				0BC2B111226F84E80025E0FB /* ArkansasChugabug.cpp in Sources */,
				0BC2B114226F84E80025E0FB /* CompactPussycat.cpp in Sources */,
				0BC2B118226F84E80025E0FB /* TurboTerrific.cpp in Sources */,
				0BC2B113226F84E80025E0FB /* Buzzwagon.cpp in Sources */,
				0BC2B117226F84E80025E0FB /* MeanMachine.cpp in Sources */,
				0BC2B112226F84E80025E0FB /* Haybailer.cpp in Sources */,
				0BC2B11A226F84E80025E0FB /* BoulderMobile.cpp in Sources */,
				0BC2B122226F85420025E0FB /* Game.cpp in Sources */,
			);
			runOnlyForDeploymentPostprocessing = 0;
		};
/* End PBXSourcesBuildPhase section */

/* Begin XCBuildConfiguration section */
		0BC2B0C9226F81E60025E0FB /* Debug */ = {
			isa = XCBuildConfiguration;
			buildSettings = {
				ALWAYS_SEARCH_USER_PATHS = NO;
				CLANG_ANALYZER_NONNULL = YES;
				CLANG_ANALYZER_NUMBER_OBJECT_CONVERSION = YES_AGGRESSIVE;
				CLANG_CXX_LANGUAGE_STANDARD = "gnu++14";
				CLANG_CXX_LIBRARY = "libc++";
				CLANG_ENABLE_MODULES = YES;
				CLANG_ENABLE_OBJC_ARC = YES;
				CLANG_ENABLE_OBJC_WEAK = YES;
				CLANG_WARN_BLOCK_CAPTURE_AUTORELEASING = YES;
				CLANG_WARN_BOOL_CONVERSION = YES;
				CLANG_WARN_COMMA = YES;
				CLANG_WARN_CONSTANT_CONVERSION = YES;
				CLANG_WARN_DEPRECATED_OBJC_IMPLEMENTATIONS = YES;
				CLANG_WARN_DIRECT_OBJC_ISA_USAGE = YES_ERROR;
				CLANG_WARN_DOCUMENTATION_COMMENTS = YES;
				CLANG_WARN_EMPTY_BODY = YES;
				CLANG_WARN_ENUM_CONVERSION = YES;
				CLANG_WARN_INFINITE_RECURSION = YES;
				CLANG_WARN_INT_CONVERSION = YES;
				CLANG_WARN_NON_LITERAL_NULL_CONVERSION = YES;
				CLANG_WARN_OBJC_IMPLICIT_RETAIN_SELF = YES;
				CLANG_WARN_OBJC_LITERAL_CONVERSION = YES;
				CLANG_WARN_OBJC_ROOT_CLASS = YES_ERROR;
				CLANG_WARN_RANGE_LOOP_ANALYSIS = YES;
				CLANG_WARN_STRICT_PROTOTYPES = YES;
				CLANG_WARN_SUSPICIOUS_MOVE = YES;
				CLANG_WARN_UNGUARDED_AVAILABILITY = YES_AGGRESSIVE;
				CLANG_WARN_UNREACHABLE_CODE = YES;
				CLANG_WARN__DUPLICATE_METHOD_MATCH = YES;
				CODE_SIGN_IDENTITY = "-";
				COPY_PHASE_STRIP = NO;
				DEBUG_INFORMATION_FORMAT = dwarf;
				ENABLE_STRICT_OBJC_MSGSEND = YES;
				ENABLE_TESTABILITY = YES;
				GCC_C_LANGUAGE_STANDARD = gnu11;
				GCC_DYNAMIC_NO_PIC = NO;
				GCC_NO_COMMON_BLOCKS = YES;
				GCC_OPTIMIZATION_LEVEL = 0;
				GCC_PREPROCESSOR_DEFINITIONS = (
					"DEBUG=1",
					"$(inherited)",
				);
				GCC_WARN_64_TO_32_BIT_CONVERSION = YES;
				GCC_WARN_ABOUT_RETURN_TYPE = YES_ERROR;
				GCC_WARN_UNDECLARED_SELECTOR = YES;
				GCC_WARN_UNINITIALIZED_AUTOS = YES_AGGRESSIVE;
				GCC_WARN_UNUSED_FUNCTION = YES;
				GCC_WARN_UNUSED_VARIABLE = YES;
				MACOSX_DEPLOYMENT_TARGET = 10.14;
				MTL_ENABLE_DEBUG_INFO = INCLUDE_SOURCE;
				MTL_FAST_MATH = YES;
				ONLY_ACTIVE_ARCH = YES;
				SDKROOT = macosx;
			};
			name = Debug;
		};
		0BC2B0CA226F81E60025E0FB /* Release */ = {
			isa = XCBuildConfiguration;
			buildSettings = {
				ALWAYS_SEARCH_USER_PATHS = NO;
				CLANG_ANALYZER_NONNULL = YES;
				CLANG_ANALYZER_NUMBER_OBJECT_CONVERSION = YES_AGGRESSIVE;
				CLANG_CXX_LANGUAGE_STANDARD = "gnu++14";
				CLANG_CXX_LIBRARY = "libc++";
				CLANG_ENABLE_MODULES = YES;
				CLANG_ENABLE_OBJC_ARC = YES;
				CLANG_ENABLE_OBJC_WEAK = YES;
				CLANG_WARN_BLOCK_CAPTURE_AUTORELEASING = YES;
				CLANG_WARN_BOOL_CONVERSION = YES;
				CLANG_WARN_COMMA = YES;
				CLANG_WARN_CONSTANT_CONVERSION = YES;
				CLANG_WARN_DEPRECATED_OBJC_IMPLEMENTATIONS = YES;
				CLANG_WARN_DIRECT_OBJC_ISA_USAGE = YES_ERROR;
				CLANG_WARN_DOCUMENTATION_COMMENTS = YES;
				CLANG_WARN_EMPTY_BODY = YES;
				CLANG_WARN_ENUM_CONVERSION = YES;
				CLANG_WARN_INFINITE_RECURSION = YES;
				CLANG_WARN_INT_CONVERSION = YES;
				CLANG_WARN_NON_LITERAL_NULL_CONVERSION = YES;
				CLANG_WARN_OBJC_IMPLICIT_RETAIN_SELF = YES;
				CLANG_WARN_OBJC_LITERAL_CONVERSION = YES;
				CLANG_WARN_OBJC_ROOT_CLASS = YES_ERROR;
				CLANG_WARN_RANGE_LOOP_ANALYSIS = YES;
				CLANG_WARN_STRICT_PROTOTYPES = YES;
				CLANG_WARN_SUSPICIOUS_MOVE = YES;
				CLANG_WARN_UNGUARDED_AVAILABILITY = YES_AGGRESSIVE;
				CLANG_WARN_UNREACHABLE_CODE = YES;
				CLANG_WARN__DUPLICATE_METHOD_MATCH = YES;
				CODE_SIGN_IDENTITY = "-";
				COPY_PHASE_STRIP = NO;
				DEBUG_INFORMATION_FORMAT = "dwarf-with-dsym";
				ENABLE_NS_ASSERTIONS = NO;
				ENABLE_STRICT_OBJC_MSGSEND = YES;
				GCC_C_LANGUAGE_STANDARD = gnu11;
				GCC_NO_COMMON_BLOCKS = YES;
				GCC_WARN_64_TO_32_BIT_CONVERSION = YES;
				GCC_WARN_ABOUT_RETURN_TYPE = YES_ERROR;
				GCC_WARN_UNDECLARED_SELECTOR = YES;
				GCC_WARN_UNINITIALIZED_AUTOS = YES_AGGRESSIVE;
				GCC_WARN_UNUSED_FUNCTION = YES;
				GCC_WARN_UNUSED_VARIABLE = YES;
				MACOSX_DEPLOYMENT_TARGET = 10.14;
				MTL_ENABLE_DEBUG_INFO = NO;
				MTL_FAST_MATH = YES;
				SDKROOT = macosx;
			};
			name = Release;
		};
		0BC2B0CC226F81E60025E0FB /* Debug */ = {
			isa = XCBuildConfiguration;
			buildSettings = {
				CODE_SIGN_STYLE = Automatic;
				HEADER_SEARCH_PATHS = (
					/usr/local/Cellar/sfml/2.5.1/include,
					"$(SRCROOT)/include",
				);
				LIBRARY_SEARCH_PATHS = (
					"$(inherited)",
					/usr/local/Cellar/sfml/2.5.1/lib,
				);
				PRODUCT_NAME = "$(TARGET_NAME)";
			};
			name = Debug;
		};
		0BC2B0CD226F81E60025E0FB /* Release */ = {
			isa = XCBuildConfiguration;
			buildSettings = {
				CODE_SIGN_STYLE = Automatic;
				HEADER_SEARCH_PATHS = (
					/usr/local/Cellar/sfml/2.5.1/include,
					"$(SRCROOT)/include",
				);
				LIBRARY_SEARCH_PATHS = (
					"$(inherited)",
					/usr/local/Cellar/sfml/2.5.1/lib,
				);
				PRODUCT_NAME = "$(TARGET_NAME)";
			};
			name = Release;
		};
/* End XCBuildConfiguration section */

/* Begin XCConfigurationList section */
		0BC2B0BF226F81E60025E0FB /* Build configuration list for PBXProject "Wacky Races v1 MAC" */ = {
			isa = XCConfigurationList;
			buildConfigurations = (
				0BC2B0C9226F81E60025E0FB /* Debug */,
				0BC2B0CA226F81E60025E0FB /* Release */,
			);
			defaultConfigurationIsVisible = 0;
			defaultConfigurationName = Release;
		};
		0BC2B0CB226F81E60025E0FB /* Build configuration list for PBXNativeTarget "Wacky Races v1 MAC" */ = {
			isa = XCConfigurationList;
			buildConfigurations = (
				0BC2B0CC226F81E60025E0FB /* Debug */,
				0BC2B0CD226F81E60025E0FB /* Release */,
			);
			defaultConfigurationIsVisible = 0;
			defaultConfigurationName = Release;
		};
/* End XCConfigurationList section */
	};
	rootObject = 0BC2B0BC226F81E60025E0FB /* Project object */;
}
